{
  "name": "zythohunt",
  "version": "0.4.5",
  "lockfileVersion": 3,
  "requires": true,
  "packages": {
    "": {
      "name": "zythohunt",
      "version": "0.4.5",
      "devDependencies": {
        "d3-force": "file:vendor/d3-force",
        "d3-hierarchy": "file:vendor/d3-hierarchy",
        "d3-shape": "file:vendor/d3-shape"
      }
    },
    "node_modules/d3-force": {
      "resolved": "vendor/d3-force",
      "link": true
    },
    "node_modules/d3-hierarchy": {
      "resolved": "vendor/d3-hierarchy",
      "link": true
    },
    "node_modules/d3-shape": {
      "resolved": "vendor/d3-shape",
      "link": true
    },
    "vendor/d3-force": {
      "version": "3.0.0",
      "dev": true
    },
    "vendor/d3-hierarchy": {
      "version": "3.1.2",
      "dev": true
    },
    "vendor/d3-shape": {
      "version": "3.2.0",
      "dev": true
    }
  }
}
