lockfileVersion: '9.0'
settings:
  autoInstallPeers: true
  excludeLinksFromLockfile: false
importers:
  .:
    dependencies:
      gsap:
        specifier: 3.15.0
        version: 3.15.0
    devDependencies:
      '@types/node':
        specifier: 25.6.2
        version: 25.6.2
      typescript:
        specifier: 5.9.3
        version: 5.9.3
      vite:
        specifier: 7.3.3
        version: 7.3.3(@types/node@25.6.2)
packages:
  '@esbuild/linux-x64@0.27.7':
    resolution:
      integrity: sha512-hzznmADPt+OmsYzw1EE33ccA+HPdIqiCRq7cQeL1Jlq2gb1+OyWBkMCrYGBJ+sxVzve2ZJEVeePbLM2iEIZSxA==
    engines:
      node: '>=18'
    cpu:
    - x64
    os:
    - linux
  '@rollup/rollup-linux-x64-gnu@4.62.2':
    resolution:
      integrity: sha512-5BqxR/pshjey51iliyzTD5Xi3EN0aLmQ2lZ3lvefVV9c82BvrLo2/6OT55iifpWBufs6kdwWbuOKS841DrmK9A==
    cpu:
    - x64
    os:
    - linux
  '@types/estree@1.0.9':
    resolution:
      integrity: sha512-GhdPgy1el4/ImP05X05Uw4cw2/M93BCUmnEvWZNStlCzEKME4Fkk+YpoA5OiHNQmoS7Cafb8Xa3Pya8m1Qrzeg==
  '@types/node@25.6.2':
    resolution:
      integrity: sha512-sokuT28dxf9JT5Kady1fsXOvI4HVpjZa95NKT5y9PNTIrs2AsobR4GFAA90ZG8M+nxVRLysCXsVj6eGC7Vbrlw==
  esbuild@0.27.7:
    resolution:
      integrity: sha512-IxpibTjyVnmrIQo5aqNpCgoACA/dTKLTlhMHihVHhdkxKyPO1uBBthumT0rdHmcsk9uMonIWS0m4FljWzILh3w==
    engines:
      node: '>=18'
    hasBin: true
  fdir@6.5.0:
    resolution:
      integrity: sha512-tIbYtZbucOs0BRGqPJkshJUYdL+SDH7dVM8gjy+ERp3WAUjLEFJE+02kanyHtwjWOnwrKYBiwAmM0p4kLJAnXg==
    engines:
      node: '>=12.0.0'
    peerDependencies:
      picomatch: ^3 || ^4
    peerDependenciesMeta:
      picomatch:
        optional: true
  gsap@3.15.0:
    resolution:
      integrity: sha512-dMW4CWBTUK1AEEDeZc1g4xpPGIrSf9fJF960qbTZmN/QwZIWY5wgliS6JWl9/25fpTGJrMRtSjGtOmPnfjZB+A==
  nanoid@3.3.13:
    resolution:
      integrity: sha512-sPdqC6ByMVVGvF1ynvvMo0/o+oD1VX7DaHhijt1bFgjvBkHBib4t49GoNDhf2NDta4oeUNlaGbSt5K7qjZ955Q==
    engines:
      node: ^10 || ^12 || ^13.7 || ^14 || >=15.0.1
    hasBin: true
  picocolors@1.1.1:
    resolution:
      integrity: sha512-xceH2snhtb5M9liqDsmEw56le376mTZkEX/jEb/RxNFyegNul7eNslCXP9FDj/Lcu0X8KEyMceP2ntpaHrDEVA==
  picomatch@4.0.4:
    resolution:
      integrity: sha512-QP88BAKvMam/3NxH6vj2o21R6MjxZUAd6nlwAS/pnGvN9IVLocLHxGYIzFhg6fUQ+5th6P4dv4eW9jX3DSIj7A==
    engines:
      node: '>=12'
  postcss@8.5.15:
    resolution:
      integrity: sha512-FfR8sjd4em2T6fb3I2MwAJU7HWVMr9zba+enmQeeWFfCbm+UOC/0X4DS8XtpUTMwWMGbjKYP7xjfNekzyGmB3A==
    engines:
      node: ^10 || ^12 || >=14
  rollup@4.62.2:
    resolution:
      integrity: sha512-RFnrW4lhXA3s3eqHDZvN654g8OTjzRfqpIRJYczCGB6HzphckVAi/Qh4tbPUbRuDi7s1Llv8g/NspLkttY3gTA==
    engines:
      node: '>=18.0.0'
      npm: '>=8.0.0'
    hasBin: true
  source-map-js@1.2.1:
    resolution:
      integrity: sha512-UXWMKhLOwVKb728IUtQPXxfYU+usdybtUrK/8uGE8CQMvrhOpwvzDBwj0QhSL7MQc7vIsISBG8VQ8+IDQxpfQA==
    engines:
      node: '>=0.10.0'
  tinyglobby@0.2.17:
    resolution:
      integrity: sha512-wXR/dYpcqKmfWpEdZjiKJOwCNFndD0DMnrW/cYjVGttEkBfVgcLFHoNrlj47mjOVic9yyNu65alsgF4NQyTa2g==
    engines:
      node: '>=12.0.0'
  typescript@5.9.3:
    resolution:
      integrity: sha512-jl1vZzPDinLr9eUt3J/t7V6FgNEw9QjvBPdysz9KfQDD41fQrC2Y4vKQdiaUpFT4bXlb1RHhLpp8wtm6M5TgSw==
    engines:
      node: '>=14.17'
    hasBin: true
  undici-types@7.19.2:
    resolution:
      integrity: sha512-qYVnV5OEm2AW8cJMCpdV20CDyaN3g0AjDlOGf1OW4iaDEx8MwdtChUp4zu4H0VP3nDRF/8RKWH+IPp9uW0YGZg==
  vite@7.3.3:
    resolution:
      integrity: sha512-/4XH147Ui7OGTjg3HbdWe5arnZQSbfuRzdr9Ec7TQi5I7R+ir0Rlc9GIvD4v0XZurELqA035KVXJXpR61xhiTA==
    engines:
      node: ^20.19.0 || >=22.12.0
    hasBin: true
    peerDependencies:
      '@types/node': ^20.19.0 || >=22.12.0
      jiti: '>=1.21.0'
      less: ^4.0.0
      lightningcss: ^1.21.0
      sass: ^1.70.0
      sass-embedded: ^1.70.0
      stylus: '>=0.54.8'
      sugarss: ^5.0.0
      terser: ^5.16.0
      tsx: ^4.8.1
      yaml: ^2.4.2
    peerDependenciesMeta:
      '@types/node':
        optional: true
      jiti:
        optional: true
      less:
        optional: true
      lightningcss:
        optional: true
      sass:
        optional: true
      sass-embedded:
        optional: true
      stylus:
        optional: true
      sugarss:
        optional: true
      terser:
        optional: true
      tsx:
        optional: true
      yaml:
        optional: true
snapshots:
  '@esbuild/linux-x64@0.27.7':
    optional: true
  '@rollup/rollup-linux-x64-gnu@4.62.2':
    optional: true
  '@types/estree@1.0.9': {}
  '@types/node@25.6.2':
    dependencies:
      undici-types: 7.19.2
  esbuild@0.27.7:
    optionalDependencies:
      '@esbuild/linux-x64': 0.27.7
  fdir@6.5.0(picomatch@4.0.4):
    optionalDependencies:
      picomatch: 4.0.4
  gsap@3.15.0: {}
  nanoid@3.3.13: {}
  picocolors@1.1.1: {}
  picomatch@4.0.4: {}
  postcss@8.5.15:
    dependencies:
      nanoid: 3.3.13
      picocolors: 1.1.1
      source-map-js: 1.2.1
  rollup@4.62.2:
    dependencies:
      '@types/estree': 1.0.9
    optionalDependencies:
      '@rollup/rollup-linux-x64-gnu': 4.62.2
  source-map-js@1.2.1: {}
  tinyglobby@0.2.17:
    dependencies:
      fdir: 6.5.0(picomatch@4.0.4)
      picomatch: 4.0.4
  typescript@5.9.3: {}
  undici-types@7.19.2: {}
  vite@7.3.3(@types/node@25.6.2):
    dependencies:
      esbuild: 0.27.7
      fdir: 6.5.0(picomatch@4.0.4)
      picomatch: 4.0.4
      postcss: 8.5.15
      rollup: 4.62.2
      tinyglobby: 0.2.17
    optionalDependencies:
      '@types/node': 25.6.2
